
Microsoft Visual Studio Solution File, Format Version 12.00
# Visual Studio 15
VisualStudioVersion = 15.0.28010.2048
MinimumVisualStudioVersion = 10.0.40219.1
Project("{FAE04EC0-301F-11D3-BF4B-00C04F79EFBC}") = "TestPluginFramework", "TestPluginFramework\TestPluginFramework.csproj", "{361CBF3B-8712-47DE-B004-B654D90F2703}"
EndProject
Project("{FAE04EC0-301F-11D3-BF4B-00C04F79EFBC}") = "TestPluginConsole", "TestPluginConsole\TestPluginConsole.csproj", "{673AE685-24F6-4505-B48A-E1DB786AF399}"
EndProject
Project("{FAE04EC0-301F-11D3-BF4B-00C04F79EFBC}") = "TestPlugin", "TestPlugin\TestPlugin.csproj", "{3016BCDF-5787-4E40-A62F-0F3B0AF2AABE}"
EndProject
Global
	GlobalSection(SolutionConfigurationPlatforms) = preSolution
		Debug|Any CPU = Debug|Any CPU
		Release|Any CPU = Release|Any CPU
	EndGlobalSection
	GlobalSection(ProjectConfigurationPlatforms) = postSolution
		{361CBF3B-8712-47DE-B004-B654D90F2703}.Debug|Any CPU.ActiveCfg = Debug|Any CPU
		{361CBF3B-8712-47DE-B004-B654D90F2703}.Debug|Any CPU.Build.0 = Debug|Any CPU
		{361CBF3B-8712-47DE-B004-B654D90F2703}.Release|Any CPU.ActiveCfg = Release|Any CPU
		{361CBF3B-8712-47DE-B004-B654D90F2703}.Release|Any CPU.Build.0 = Release|Any CPU
		{673AE685-24F6-4505-B48A-E1DB786AF399}.Debug|Any CPU.ActiveCfg = Debug|Any CPU
		{673AE685-24F6-4505-B48A-E1DB786AF399}.Debug|Any CPU.Build.0 = Debug|Any CPU
		{673AE685-24F6-4505-B48A-E1DB786AF399}.Release|Any CPU.ActiveCfg = Release|Any CPU
		{673AE685-24F6-4505-B48A-E1DB786AF399}.Release|Any CPU.Build.0 = Release|Any CPU
		{3016BCDF-5787-4E40-A62F-0F3B0AF2AABE}.Debug|Any CPU.ActiveCfg = Debug|Any CPU
		{3016BCDF-5787-4E40-A62F-0F3B0AF2AABE}.Debug|Any CPU.Build.0 = Debug|Any CPU
		{3016BCDF-5787-4E40-A62F-0F3B0AF2AABE}.Release|Any CPU.ActiveCfg = Release|Any CPU
		{3016BCDF-5787-4E40-A62F-0F3B0AF2AABE}.Release|Any CPU.Build.0 = Release|Any CPU
	EndGlobalSection
	GlobalSection(SolutionProperties) = preSolution
		HideSolutionNode = FALSE
	EndGlobalSection
	GlobalSection(ExtensibilityGlobals) = postSolution
		SolutionGuid = {BA0398A6-8A62-4FD0-ACDB-8C17ED431804}
	EndGlobalSection
EndGlobal
